Microsoft Visual Studio Solution File, Format Version 12.00
# Visual Studio Version 17
VisualStudioVersion = 17.5.2.0
MinimumVisualStudioVersion = 10.0.40219.1
Project("{FAE04EC0-301F-11D3-BF4B-00C04F79EFBC}") = "EveryRush", "EveryRush.csproj", "{F4828CA9-9B9C-BEDA-5C1C-9AF876BE436C}"
EndProject
Global
	GlobalSection(SolutionConfigurationPlatforms) = preSolution
		Debug|Any CPU = Debug|Any CPU
		Release|Any CPU = Release|Any CPU
	EndGlobalSection
	GlobalSection(ProjectConfigurationPlatforms) = postSolution
		{F4828CA9-9B9C-BEDA-5C1C-9AF876BE436C}.Debug|Any CPU.ActiveCfg = Debug|Any CPU
		{F4828CA9-9B9C-BEDA-5C1C-9AF876BE436C}.Debug|Any CPU.Build.0 = Debug|Any CPU
		{F4828CA9-9B9C-BEDA-5C1C-9AF876BE436C}.Release|Any CPU.ActiveCfg = Release|Any CPU
		{F4828CA9-9B9C-BEDA-5C1C-9AF876BE436C}.Release|Any CPU.Build.0 = Release|Any CPU
	EndGlobalSection
	GlobalSection(SolutionProperties) = preSolution
		HideSolutionNode = FALSE
	EndGlobalSection
	GlobalSection(ExtensibilityGlobals) = postSolution
		SolutionGuid = {4D8544E6-9A8B-4683-9EAF-81EFD942F774}
	EndGlobalSection
EndGlobal
